// !$*UTF8*$!
{
	archiveVersion = 1;
	classes = {
	};
	objectVersion = 52;
	objects = {

/* Begin PBXBuildFile section */
		638CFAA3252BAAA400938966 /* AppDelegate.swift in Sources */ = {isa = PBXBuildFile; fileRef = 638CFAA2252BAAA400938966 /* AppDelegate.swift */; };
		638CFAA5252BAAA400938966 /* SceneDelegate.swift in Sources */ = {isa = PBXBuildFile; fileRef = 638CFAA4252BAAA400938966 /* SceneDelegate.swift */; };
		638CFAAC252BAAA500938966 /* Assets.xcassets in Resources */ = {isa = PBXBuildFile; fileRef = 638CFAAB252BAAA500938966 /* Assets.xcassets */; };
		638CFAAF252BAAA500938966 /* LaunchScreen.storyboard in Resources */ = {isa = PBXBuildFile; fileRef = 638CFAAD252BAAA500938966 /* LaunchScreen.storyboard */; };
		638CFABB252BAAB700938966 /* CoordinatorKit in Frameworks */ = {isa = PBXBuildFile; productRef = 638CFABA252BAAB700938966 /* CoordinatorKit */; };
		638CFABF252BAACC00938966 /* AppCoordinator.swift in Sources */ = {isa = PBXBuildFile; fileRef = 638CFABE252BAACC00938966 /* AppCoordinator.swift */; };
		638CFAC4252BAEEB00938966 /* RootCoordinator.swift in Sources */ = {isa = PBXBuildFile; fileRef = 638CFAC3252BAEEB00938966 /* RootCoordinator.swift */; };
		638CFAC8252BAF9B00938966 /* HomeCoordinator.swift in Sources */ = {isa = PBXBuildFile; fileRef = 638CFAC7252BAF9B00938966 /* HomeCoordinator.swift */; };
		638CFACC252BAFDC00938966 /* InventoryCoordinator.swift in Sources */ = {isa = PBXBuildFile; fileRef = 638CFACB252BAFDC00938966 /* InventoryCoordinator.swift */; };
		638CFAD0252BB07800938966 /* HomeViewController.swift in Sources */ = {isa = PBXBuildFile; fileRef = 638CFACF252BB07800938966 /* HomeViewController.swift */; };
		638CFAD3252BB0AF00938966 /* InventoryViewController.swift in Sources */ = {isa = PBXBuildFile; fileRef = 638CFAD2252BB0AF00938966 /* InventoryViewController.swift */; };
		638CFADF252BBAEB00938966 /* SettingsCoordinator.swift in Sources */ = {isa = PBXBuildFile; fileRef = 638CFADE252BBAEB00938966 /* SettingsCoordinator.swift */; };
		638CFAE2252BBB0200938966 /* SettingsViewController.swift in Sources */ = {isa = PBXBuildFile; fileRef = 638CFAE1252BBB0200938966 /* SettingsViewController.swift */; };
		6397F5E5253AC5EA005F785F /* SettingsExtraViewController.swift in Sources */ = {isa = PBXBuildFile; fileRef = 6397F5E4253AC5EA005F785F /* SettingsExtraViewController.swift */; };
		E45707AB22A9F4DE0154C2A5 /* Pods_Example.framework in Frameworks */ = {isa = PBXBuildFile; fileRef = F59A231AC9A68B3DC827892B /* Pods_Example.framework */; };
/* End PBXBuildFile section */

/* Begin PBXFileReference section */
		30C67A8CED2AD89A19FBB3C8 /* Pods-Example.debug.xcconfig */ = {isa = PBXFileReference; includeInIndex = 1; lastKnownFileType = text.xcconfig; name = "Pods-Example.debug.xcconfig"; path = "Target Support Files/Pods-Example/Pods-Example.debug.xcconfig"; sourceTree = "<group>"; };
		638CFA9F252BAAA400938966 /* Example.app */ = {isa = PBXFileReference; explicitFileType = wrapper.application; includeInIndex = 0; path = Example.app; sourceTree = BUILT_PRODUCTS_DIR; };
		638CFAA2252BAAA400938966 /* AppDelegate.swift */ = {isa = PBXFileReference; lastKnownFileType = sourcecode.swift; path = AppDelegate.swift; sourceTree = "<group>"; };
		638CFAA4252BAAA400938966 /* SceneDelegate.swift */ = {isa = PBXFileReference; lastKnownFileType = sourcecode.swift; path = SceneDelegate.swift; sourceTree = "<group>"; };
		638CFAAB252BAAA500938966 /* Assets.xcassets */ = {isa = PBXFileReference; lastKnownFileType = folder.assetcatalog; path = Assets.xcassets; sourceTree = "<group>"; };
		638CFAAE252BAAA500938966 /* Base */ = {isa = PBXFileReference; lastKnownFileType = file.storyboard; name = Base; path = Base.lproj/LaunchScreen.storyboard; sourceTree = "<group>"; };
		638CFAB0252BAAA500938966 /* Info.plist */ = {isa = PBXFileReference; lastKnownFileType = text.plist.xml; path = Info.plist; sourceTree = "<group>"; };
		638CFAB7252BAAAD00938966 /* SDK */ = {isa = PBXFileReference; lastKnownFileType = folder; name = SDK; path = ../SDK; sourceTree = "<group>"; };
		638CFABE252BAACC00938966 /* AppCoordinator.swift */ = {isa = PBXFileReference; lastKnownFileType = sourcecode.swift; path = AppCoordinator.swift; sourceTree = "<group>"; };
		638CFAC3252BAEEB00938966 /* RootCoordinator.swift */ = {isa = PBXFileReference; lastKnownFileType = sourcecode.swift; path = RootCoordinator.swift; sourceTree = "<group>"; };
		638CFAC7252BAF9B00938966 /* HomeCoordinator.swift */ = {isa = PBXFileReference; lastKnownFileType = sourcecode.swift; path = HomeCoordinator.swift; sourceTree = "<group>"; };
		638CFACB252BAFDC00938966 /* InventoryCoordinator.swift */ = {isa = PBXFileReference; lastKnownFileType = sourcecode.swift; path = InventoryCoordinator.swift; sourceTree = "<group>"; };
		638CFACF252BB07800938966 /* HomeViewController.swift */ = {isa = PBXFileReference; lastKnownFileType = sourcecode.swift; path = HomeViewController.swift; sourceTree = "<group>"; };
		638CFAD2252BB0AF00938966 /* InventoryViewController.swift */ = {isa = PBXFileReference; lastKnownFileType = sourcecode.swift; path = InventoryViewController.swift; sourceTree = "<group>"; };
		638CFADE252BBAEB00938966 /* SettingsCoordinator.swift */ = {isa = PBXFileReference; lastKnownFileType = sourcecode.swift; path = SettingsCoordinator.swift; sourceTree = "<group>"; };
		638CFAE1252BBB0200938966 /* SettingsViewController.swift */ = {isa = PBXFileReference; lastKnownFileType = sourcecode.swift; path = SettingsViewController.swift; sourceTree = "<group>"; };
		6397F5E4253AC5EA005F785F /* SettingsExtraViewController.swift */ = {isa = PBXFileReference; lastKnownFileType = sourcecode.swift; path = SettingsExtraViewController.swift; sourceTree = "<group>"; };
		66BB4BCC7D6FC1000C774B99 /* Pods-Example.release.xcconfig */ = {isa = PBXFileReference; includeInIndex = 1; lastKnownFileType = text.xcconfig; name = "Pods-Example.release.xcconfig"; path = "Target Support Files/Pods-Example/Pods-Example.release.xcconfig"; sourceTree = "<group>"; };
		F59A231AC9A68B3DC827892B /* Pods_Example.framework */ = {isa = PBXFileReference; explicitFileType = wrapper.framework; includeInIndex = 0; path = Pods_Example.framework; sourceTree = BUILT_PRODUCTS_DIR; };
/* End PBXFileReference section */

/* Begin PBXFrameworksBuildPhase section */
		638CFA9C252BAAA400938966 /* Frameworks */ = {
			isa = PBXFrameworksBuildPhase;
			buildActionMask = 2147483647;
			files = (
				638CFABB252BAAB700938966 /* CoordinatorKit in Frameworks */,
				E45707AB22A9F4DE0154C2A5 /* Pods_Example.framework in Frameworks */,
			);
			runOnlyForDeploymentPostprocessing = 0;
		};
/* End PBXFrameworksBuildPhase section */

/* Begin PBXGroup section */
		1E8558F5E1060461F5442620 /* Pods */ = {
			isa = PBXGroup;
			children = (
				30C67A8CED2AD89A19FBB3C8 /* Pods-Example.debug.xcconfig */,
				66BB4BCC7D6FC1000C774B99 /* Pods-Example.release.xcconfig */,
			);
			path = Pods;
			sourceTree = "<group>";
		};
		638CFA96252BAAA400938966 = {
			isa = PBXGroup;
			children = (
				638CFAB7252BAAAD00938966 /* SDK */,
				638CFAA1252BAAA400938966 /* Example */,
				638CFAA0252BAAA400938966 /* Products */,
				638CFAB9252BAAB700938966 /* Frameworks */,
				1E8558F5E1060461F5442620 /* Pods */,
			);
			sourceTree = "<group>";
		};
		638CFAA0252BAAA400938966 /* Products */ = {
			isa = PBXGroup;
			children = (
				638CFA9F252BAAA400938966 /* Example.app */,
			);
			name = Products;
			sourceTree = "<group>";
		};
		638CFAA1252BAAA400938966 /* Example */ = {
			isa = PBXGroup;
			children = (
				638CFADD252BBAE100938966 /* Settings */,
				638CFACA252BAFD000938966 /* Inventory */,
				638CFAC6252BAF9200938966 /* Home */,
				638CFABD252BAAC400938966 /* Root */,
				638CFAA2252BAAA400938966 /* AppDelegate.swift */,
				638CFAA4252BAAA400938966 /* SceneDelegate.swift */,
				638CFAAB252BAAA500938966 /* Assets.xcassets */,
				638CFAAD252BAAA500938966 /* LaunchScreen.storyboard */,
				638CFAB0252BAAA500938966 /* Info.plist */,
			);
			path = Example;
			sourceTree = "<group>";
		};
		638CFAB9252BAAB700938966 /* Frameworks */ = {
			isa = PBXGroup;
			children = (
				F59A231AC9A68B3DC827892B /* Pods_Example.framework */,
			);
			name = Frameworks;
			sourceTree = "<group>";
		};
		638CFABD252BAAC400938966 /* Root */ = {
			isa = PBXGroup;
			children = (
				638CFABE252BAACC00938966 /* AppCoordinator.swift */,
				638CFAC3252BAEEB00938966 /* RootCoordinator.swift */,
			);
			path = Root;
			sourceTree = "<group>";
		};
		638CFAC6252BAF9200938966 /* Home */ = {
			isa = PBXGroup;
			children = (
				638CFAC7252BAF9B00938966 /* HomeCoordinator.swift */,
				638CFACF252BB07800938966 /* HomeViewController.swift */,
			);
			path = Home;
			sourceTree = "<group>";
		};
		638CFACA252BAFD000938966 /* Inventory */ = {
			isa = PBXGroup;
			children = (
				638CFACB252BAFDC00938966 /* InventoryCoordinator.swift */,
				638CFAD2252BB0AF00938966 /* InventoryViewController.swift */,
			);
			path = Inventory;
			sourceTree = "<group>";
		};
		638CFADD252BBAE100938966 /* Settings */ = {
			isa = PBXGroup;
			children = (
				638CFADE252BBAEB00938966 /* SettingsCoordinator.swift */,
				638CFAE1252BBB0200938966 /* SettingsViewController.swift */,
				6397F5E4253AC5EA005F785F /* SettingsExtraViewController.swift */,
			);
			path = Settings;
			sourceTree = "<group>";
		};
/* End PBXGroup section */

/* Begin PBXNativeTarget section */
		638CFA9E252BAAA400938966 /* Example */ = {
			isa = PBXNativeTarget;
			buildConfigurationList = 638CFAB3252BAAA500938966 /* Build configuration list for PBXNativeTarget "Example" */;
			buildPhases = (
				1F109B4114542919B2E588EC /* [CP] Check Pods Manifest.lock */,
				638CFA9B252BAAA400938966 /* Sources */,
				638CFA9C252BAAA400938966 /* Frameworks */,
				638CFA9D252BAAA400938966 /* Resources */,
				DD31F257E00D4AC157B913B9 /* [CP] Embed Pods Frameworks */,
			);
			buildRules = (
			);
			dependencies = (
			);
			name = Example;
			packageProductDependencies = (
				638CFABA252BAAB700938966 /* CoordinatorKit */,
			);
			productName = Example;
			productReference = 638CFA9F252BAAA400938966 /* Example.app */;
			productType = "com.apple.product-type.application";
		};
/* End PBXNativeTarget section */

/* Begin PBXProject section */
		638CFA97252BAAA400938966 /* Project object */ = {
			isa = PBXProject;
			attributes = {
				LastSwiftUpdateCheck = 1200;
				LastUpgradeCheck = 1200;
				TargetAttributes = {
					638CFA9E252BAAA400938966 = {
						CreatedOnToolsVersion = 12.0;
					};
				};
			};
			buildConfigurationList = 638CFA9A252BAAA400938966 /* Build configuration list for PBXProject "Example" */;
			compatibilityVersion = "Xcode 9.3";
			developmentRegion = en;
			hasScannedForEncodings = 0;
			knownRegions = (
				en,
				Base,
			);
			mainGroup = 638CFA96252BAAA400938966;
			productRefGroup = 638CFAA0252BAAA400938966 /* Products */;
			projectDirPath = "";
			projectRoot = "";
			targets = (
				638CFA9E252BAAA400938966 /* Example */,
			);
		};
/* End PBXProject section */

/* Begin PBXResourcesBuildPhase section */
		638CFA9D252BAAA400938966 /* Resources */ = {
			isa = PBXResourcesBuildPhase;
			buildActionMask = 2147483647;
			files = (
				638CFAAF252BAAA500938966 /* LaunchScreen.storyboard in Resources */,
				638CFAAC252BAAA500938966 /* Assets.xcassets in Resources */,
			);
			runOnlyForDeploymentPostprocessing = 0;
		};
/* End PBXResourcesBuildPhase section */

/* Begin PBXShellScriptBuildPhase section */
		1F109B4114542919B2E588EC /* [CP] Check Pods Manifest.lock */ = {
			isa = PBXShellScriptBuildPhase;
			buildActionMask = 2147483647;
			files = (
			);
			inputFileListPaths = (
			);
			inputPaths = (
				"${PODS_PODFILE_DIR_PATH}/Podfile.lock",
				"${PODS_ROOT}/Manifest.lock",
			);
			name = "[CP] Check Pods Manifest.lock";
			outputFileListPaths = (
			);
			outputPaths = (
				"$(DERIVED_FILE_DIR)/Pods-Example-checkManifestLockResult.txt",
			);
			runOnlyForDeploymentPostprocessing = 0;
			shellPath = /bin/sh;
			shellScript = "diff \"${PODS_PODFILE_DIR_PATH}/Podfile.lock\" \"${PODS_ROOT}/Manifest.lock\" > /dev/null\nif [ $? != 0 ] ; then\n    # print error to STDERR\n    echo \"error: The sandbox is not in sync with the Podfile.lock. Run 'pod install' or update your CocoaPods installation.\" >&2\n    exit 1\nfi\n# This output is used by Xcode 'outputs' to avoid re-running this script phase.\necho \"SUCCESS\" > \"${SCRIPT_OUTPUT_FILE_0}\"\n";
			showEnvVarsInLog = 0;
		};
		DD31F257E00D4AC157B913B9 /* [CP] Embed Pods Frameworks */ = {
			isa = PBXShellScriptBuildPhase;
			buildActionMask = 2147483647;
			files = (
			);
			inputFileListPaths = (
				"${PODS_ROOT}/Target Support Files/Pods-Example/Pods-Example-frameworks-${CONFIGURATION}-input-files.xcfilelist",
			);
			name = "[CP] Embed Pods Frameworks";
			outputFileListPaths = (
				"${PODS_ROOT}/Target Support Files/Pods-Example/Pods-Example-frameworks-${CONFIGURATION}-output-files.xcfilelist",
			);
			runOnlyForDeploymentPostprocessing = 0;
			shellPath = /bin/sh;
			shellScript = "\"${PODS_ROOT}/Target Support Files/Pods-Example/Pods-Example-frameworks.sh\"\n";
			showEnvVarsInLog = 0;
		};
/* End PBXShellScriptBuildPhase section */

/* Begin PBXSourcesBuildPhase section */
		638CFA9B252BAAA400938966 /* Sources */ = {
			isa = PBXSourcesBuildPhase;
			buildActionMask = 2147483647;
			files = (
				638CFABF252BAACC00938966 /* AppCoordinator.swift in Sources */,
				638CFAD3252BB0AF00938966 /* InventoryViewController.swift in Sources */,
				638CFAC4252BAEEB00938966 /* RootCoordinator.swift in Sources */,
				638CFAE2252BBB0200938966 /* SettingsViewController.swift in Sources */,
				638CFAD0252BB07800938966 /* HomeViewController.swift in Sources */,
				638CFADF252BBAEB00938966 /* SettingsCoordinator.swift in Sources */,
				638CFAA3252BAAA400938966 /* AppDelegate.swift in Sources */,
				638CFACC252BAFDC00938966 /* InventoryCoordinator.swift in Sources */,
				638CFAA5252BAAA400938966 /* SceneDelegate.swift in Sources */,
				6397F5E5253AC5EA005F785F /* SettingsExtraViewController.swift in Sources */,
				638CFAC8252BAF9B00938966 /* HomeCoordinator.swift in Sources */,
			);
			runOnlyForDeploymentPostprocessing = 0;
		};
/* End PBXSourcesBuildPhase section */

/* Begin PBXVariantGroup section */
		638CFAAD252BAAA500938966 /* LaunchScreen.storyboard */ = {
			isa = PBXVariantGroup;
			children = (
				638CFAAE252BAAA500938966 /* Base */,
			);
			name = LaunchScreen.storyboard;
			sourceTree = "<group>";
		};
/* End PBXVariantGroup section */

/* Begin XCBuildConfiguration section */
		638CFAB1252BAAA500938966 /* Debug */ = {
			isa = XCBuildConfiguration;
			buildSettings = {
				ALWAYS_SEARCH_USER_PATHS = NO;
				CLANG_ANALYZER_NONNULL = YES;
				CLANG_ANALYZER_NUMBER_OBJECT_CONVERSION = YES_AGGRESSIVE;
				CLANG_CXX_LANGUAGE_STANDARD = "gnu++14";
				CLANG_CXX_LIBRARY = "libc++";
				CLANG_ENABLE_MODULES = YES;
				CLANG_ENABLE_OBJC_ARC = YES;
				CLANG_ENABLE_OBJC_WEAK = YES;
				CLANG_WARN_BLOCK_CAPTURE_AUTORELEASING = YES;
				CLANG_WARN_BOOL_CONVERSION = YES;
				CLANG_WARN_COMMA = YES;
				CLANG_WARN_CONSTANT_CONVERSION = YES;
				CLANG_WARN_DEPRECATED_OBJC_IMPLEMENTATIONS = YES;
				CLANG_WARN_DIRECT_OBJC_ISA_USAGE = YES_ERROR;
				CLANG_WARN_DOCUMENTATION_COMMENTS = YES;
				CLANG_WARN_EMPTY_BODY = YES;
				CLANG_WARN_ENUM_CONVERSION = YES;
				CLANG_WARN_INFINITE_RECURSION = YES;
				CLANG_WARN_INT_CONVERSION = YES;
				CLANG_WARN_NON_LITERAL_NULL_CONVERSION = YES;
				CLANG_WARN_OBJC_IMPLICIT_RETAIN_SELF = YES;
				CLANG_WARN_OBJC_LITERAL_CONVERSION = YES;
				CLANG_WARN_OBJC_ROOT_CLASS = YES_ERROR;
				CLANG_WARN_QUOTED_INCLUDE_IN_FRAMEWORK_HEADER = YES;
				CLANG_WARN_RANGE_LOOP_ANALYSIS = YES;
				CLANG_WARN_STRICT_PROTOTYPES = YES;
				CLANG_WARN_SUSPICIOUS_MOVE = YES;
				CLANG_WARN_UNGUARDED_AVAILABILITY = YES_AGGRESSIVE;
				CLANG_WARN_UNREACHABLE_CODE = YES;
				CLANG_WARN__DUPLICATE_METHOD_MATCH = YES;
				COPY_PHASE_STRIP = NO;
				DEBUG_INFORMATION_FORMAT = dwarf;
				ENABLE_STRICT_OBJC_MSGSEND = YES;
				ENABLE_TESTABILITY = YES;
				GCC_C_LANGUAGE_STANDARD = gnu11;
				GCC_DYNAMIC_NO_PIC = NO;
				GCC_NO_COMMON_BLOCKS = YES;
				GCC_OPTIMIZATION_LEVEL = 0;
				GCC_PREPROCESSOR_DEFINITIONS = (
					"DEBUG=1",
					"$(inherited)",
				);
				GCC_WARN_64_TO_32_BIT_CONVERSION = YES;
				GCC_WARN_ABOUT_RETURN_TYPE = YES_ERROR;
				GCC_WARN_UNDECLARED_SELECTOR = YES;
				GCC_WARN_UNINITIALIZED_AUTOS = YES_AGGRESSIVE;
				GCC_WARN_UNUSED_FUNCTION = YES;
				GCC_WARN_UNUSED_VARIABLE = YES;
				IPHONEOS_DEPLOYMENT_TARGET = 14.0;
				MTL_ENABLE_DEBUG_INFO = INCLUDE_SOURCE;
				MTL_FAST_MATH = YES;
				ONLY_ACTIVE_ARCH = YES;
				SDKROOT = iphoneos;
				SWIFT_ACTIVE_COMPILATION_CONDITIONS = DEBUG;
				SWIFT_OPTIMIZATION_LEVEL = "-Onone";
			};
			name = Debug;
		};
		638CFAB2252BAAA500938966 /* Release */ = {
			isa = XCBuildConfiguration;
			buildSettings = {
				ALWAYS_SEARCH_USER_PATHS = NO;
				CLANG_ANALYZER_NONNULL = YES;
				CLANG_ANALYZER_NUMBER_OBJECT_CONVERSION = YES_AGGRESSIVE;
				CLANG_CXX_LANGUAGE_STANDARD = "gnu++14";
				CLANG_CXX_LIBRARY = "libc++";
				CLANG_ENABLE_MODULES = YES;
				CLANG_ENABLE_OBJC_ARC = YES;
				CLANG_ENABLE_OBJC_WEAK = YES;
				CLANG_WARN_BLOCK_CAPTURE_AUTORELEASING = YES;
				CLANG_WARN_BOOL_CONVERSION = YES;
				CLANG_WARN_COMMA = YES;
				CLANG_WARN_CONSTANT_CONVERSION = YES;
				CLANG_WARN_DEPRECATED_OBJC_IMPLEMENTATIONS = YES;
				CLANG_WARN_DIRECT_OBJC_ISA_USAGE = YES_ERROR;
				CLANG_WARN_DOCUMENTATION_COMMENTS = YES;
				CLANG_WARN_EMPTY_BODY = YES;
				CLANG_WARN_ENUM_CONVERSION = YES;
				CLANG_WARN_INFINITE_RECURSION = YES;
				CLANG_WARN_INT_CONVERSION = YES;
				CLANG_WARN_NON_LITERAL_NULL_CONVERSION = YES;
				CLANG_WARN_OBJC_IMPLICIT_RETAIN_SELF = YES;
				CLANG_WARN_OBJC_LITERAL_CONVERSION = YES;
				CLANG_WARN_OBJC_ROOT_CLASS = YES_ERROR;
				CLANG_WARN_QUOTED_INCLUDE_IN_FRAMEWORK_HEADER = YES;
				CLANG_WARN_RANGE_LOOP_ANALYSIS = YES;
				CLANG_WARN_STRICT_PROTOTYPES = YES;
				CLANG_WARN_SUSPICIOUS_MOVE = YES;
				CLANG_WARN_UNGUARDED_AVAILABILITY = YES_AGGRESSIVE;
				CLANG_WARN_UNREACHABLE_CODE = YES;
				CLANG_WARN__DUPLICATE_METHOD_MATCH = YES;
				COPY_PHASE_STRIP = NO;
				DEBUG_INFORMATION_FORMAT = "dwarf-with-dsym";
				ENABLE_NS_ASSERTIONS = NO;
				ENABLE_STRICT_OBJC_MSGSEND = YES;
				GCC_C_LANGUAGE_STANDARD = gnu11;
				GCC_NO_COMMON_BLOCKS = YES;
				GCC_WARN_64_TO_32_BIT_CONVERSION = YES;
				GCC_WARN_ABOUT_RETURN_TYPE = YES_ERROR;
				GCC_WARN_UNDECLARED_SELECTOR = YES;
				GCC_WARN_UNINITIALIZED_AUTOS = YES_AGGRESSIVE;
				GCC_WARN_UNUSED_FUNCTION = YES;
				GCC_WARN_UNUSED_VARIABLE = YES;
				IPHONEOS_DEPLOYMENT_TARGET = 14.0;
				MTL_ENABLE_DEBUG_INFO = NO;
				MTL_FAST_MATH = YES;
				SDKROOT = iphoneos;
				SWIFT_COMPILATION_MODE = wholemodule;
				SWIFT_OPTIMIZATION_LEVEL = "-O";
				VALIDATE_PRODUCT = YES;
			};
			name = Release;
		};
		638CFAB4252BAAA500938966 /* Debug */ = {
			isa = XCBuildConfiguration;
			baseConfigurationReference = 30C67A8CED2AD89A19FBB3C8 /* Pods-Example.debug.xcconfig */;
			buildSettings = {
				ASSETCATALOG_COMPILER_APPICON_NAME = AppIcon;
				ASSETCATALOG_COMPILER_GLOBAL_ACCENT_COLOR_NAME = AccentColor;
				CODE_SIGN_STYLE = Automatic;
				INFOPLIST_FILE = Example/Info.plist;
				LD_RUNPATH_SEARCH_PATHS = (
					"$(inherited)",
					"@executable_path/Frameworks",
				);
				PRODUCT_BUNDLE_IDENTIFIER = me.antonyuk.Example;
				PRODUCT_NAME = "$(TARGET_NAME)";
				SWIFT_VERSION = 5.0;
				TARGETED_DEVICE_FAMILY = 1;
			};
			name = Debug;
		};
		638CFAB5252BAAA500938966 /* Release */ = {
			isa = XCBuildConfiguration;
			baseConfigurationReference = 66BB4BCC7D6FC1000C774B99 /* Pods-Example.release.xcconfig */;
			buildSettings = {
				ASSETCATALOG_COMPILER_APPICON_NAME = AppIcon;
				ASSETCATALOG_COMPILER_GLOBAL_ACCENT_COLOR_NAME = AccentColor;
				CODE_SIGN_STYLE = Automatic;
				INFOPLIST_FILE = Example/Info.plist;
				LD_RUNPATH_SEARCH_PATHS = (
					"$(inherited)",
					"@executable_path/Frameworks",
				);
				PRODUCT_BUNDLE_IDENTIFIER = me.antonyuk.Example;
				PRODUCT_NAME = "$(TARGET_NAME)";
				SWIFT_VERSION = 5.0;
				TARGETED_DEVICE_FAMILY = 1;
			};
			name = Release;
		};
/* End XCBuildConfiguration section */

/* Begin XCConfigurationList section */
		638CFA9A252BAAA400938966 /* Build configuration list for PBXProject "Example" */ = {
			isa = XCConfigurationList;
			buildConfigurations = (
				638CFAB1252BAAA500938966 /* Debug */,
				638CFAB2252BAAA500938966 /* Release */,
			);
			defaultConfigurationIsVisible = 0;
			defaultConfigurationName = Release;
		};
		638CFAB3252BAAA500938966 /* Build configuration list for PBXNativeTarget "Example" */ = {
			isa = XCConfigurationList;
			buildConfigurations = (
				638CFAB4252BAAA500938966 /* Debug */,
				638CFAB5252BAAA500938966 /* Release */,
			);
			defaultConfigurationIsVisible = 0;
			defaultConfigurationName = Release;
		};
/* End XCConfigurationList section */

/* Begin XCSwiftPackageProductDependency section */
		638CFABA252BAAB700938966 /* CoordinatorKit */ = {
			isa = XCSwiftPackageProductDependency;
			productName = CoordinatorKit;
		};
/* End XCSwiftPackageProductDependency section */
	};
	rootObject = 638CFA97252BAAA400938966 /* Project object */;
}
