{
  "object": {
    "pins": [
      {
        "package": "CommonLib",
        "repositoryURL": "git@github.com:hathway/CommonLib_iOS.git",
        "state": {
          "branch": "master",
          "revision": "07305858de67779b3b016aafd43e515ecc34d72d",
          "version": null
        }
      },
      {
        "package": "SnapKit",
        "repositoryURL": "https://github.com/SnapKit/SnapKit.git",
        "state": {
          "branch": null,
          "revision": "f222cbdf325885926566172f6f5f06af95473158",
          "version": "5.6.0"
        }
      }
    ]
  },
  "version": 1
}
