{
  "object": {
    "pins": [
      {
        "package": "CommonLib",
        "repositoryURL": "git@github.com:hathway/CommonLib_iOS.git",
        "state": {
          "branch": "master",
          "revision": "07305858de67779b3b016aafd43e515ecc34d72d",
          "version": null
        }
      },
      {
        "package": "SnapKit",
        "repositoryURL": "https://github.com/SnapKit/SnapKit/",
        "state": {
          "branch": null,
          "revision": "d458564516e5676af9c70b4f4b2a9178294f1bc6",
          "version": "5.0.1"
        }
      }
    ]
  },
  "version": 1
}
